
Microsoft Visual Studio Solution File, Format Version 12.00
# Visual Studio Version 17
VisualStudioVersion = 17.0.32002.185
MinimumVisualStudioVersion = 10.0.40219.1
Project("{2150E333-8FDC-42A3-9474-1A3956D46DE8}") = "Libraries", "Libraries", "{E4ACA93B-D3DE-4557-B069-F1DB42925A4B}"
EndProject
Project("{2150E333-8FDC-42A3-9474-1A3956D46DE8}") = "Presentation", "Presentation", "{B09156FB-8291-46A2-AF37-67CE97CFB5A6}"
EndProject
Project("{2150E333-8FDC-42A3-9474-1A3956D46DE8}") = "Plugins", "Plugins", "{7881B112-7843-4542-B1F7-F99553FB9BB7}"
EndProject
Project("{9A19103F-16F7-4668-BE54-9A1E7A4F7556}") = "Nop.Web", "Presentation\Nop.Web\Nop.Web.csproj", "{4F1F649C-1020-45BE-A487-F416D9297FF3}"
EndProject
Project("{9A19103F-16F7-4668-BE54-9A1E7A4F7556}") = "Nop.Core", "Libraries\Nop.Core\Nop.Core.csproj", "{6BDA8332-939F-45B7-A25E-7A797260AE59}"
EndProject
Project("{9A19103F-16F7-4668-BE54-9A1E7A4F7556}") = "Nop.Data", "Libraries\Nop.Data\Nop.Data.csproj", "{CCD7F2C9-6A2C-4CF0-8E89-076B8FC0F144}"
EndProject
Project("{9A19103F-16F7-4668-BE54-9A1E7A4F7556}") = "Nop.Services", "Libraries\Nop.Services\Nop.Services.csproj", "{210541AD-F659-47DA-8763-16F36C5CD2F4}"
EndProject
Project("{9A19103F-16F7-4668-BE54-9A1E7A4F7556}") = "Nop.Web.Framework", "Presentation\Nop.Web.Framework\Nop.Web.Framework.csproj", "{75FD4163-333C-4DD5-854D-2EF294E45D94}"
EndProject
Project("{9A19103F-16F7-4668-BE54-9A1E7A4F7556}") = "Nop.Plugin.Widgets.GoogleAnalytics", "Plugins\Nop.Plugin.Widgets.GoogleAnalytics\Nop.Plugin.Widgets.GoogleAnalytics.csproj", "{C2B83AF5-80F6-4B8C-8628-FA7DE10C3BB5}"
EndProject
Project("{9A19103F-16F7-4668-BE54-9A1E7A4F7556}") = "Nop.Plugin.Widgets.Swiper", "Plugins\Nop.Plugin.Widgets.Swiper\Nop.Plugin.Widgets.Swiper.csproj", "{9978B382-0BCD-4621-B6B5-52E0E3B5F464}"
EndProject
Project("{9A19103F-16F7-4668-BE54-9A1E7A4F7556}") = "Nop.Plugin.Pickup.PickupInStore", "Plugins\Nop.Plugin.Pickup.PickupInStore\Nop.Plugin.Pickup.PickupInStore.csproj", "{06C88D0B-A276-4D3D-8BE5-7C58BF3072E3}"
EndProject
Project("{9A19103F-16F7-4668-BE54-9A1E7A4F7556}") = "Nop.Plugin.Shipping.FixedByWeightByTotal", "Plugins\Nop.Plugin.Shipping.FixedByWeightByTotal\Nop.Plugin.Shipping.FixedByWeightByTotal.csproj", "{560768D4-7E1D-4431-99F0-CC14C255E167}"
EndProject
Project("{9A19103F-16F7-4668-BE54-9A1E7A4F7556}") = "Nop.Plugin.DiscountRules.CustomerRoles", "Plugins\Nop.Plugin.DiscountRules.CustomerRoles\Nop.Plugin.DiscountRules.CustomerRoles.csproj", "{4C0C889A-A3B2-43FA-824A-F529402C1BBF}"
EndProject
Project("{9A19103F-16F7-4668-BE54-9A1E7A4F7556}") = "Nop.Plugin.Misc.Brevo", "Plugins\Nop.Plugin.Misc.Brevo\Nop.Plugin.Misc.Brevo.csproj", "{7B08DACB-8E11-416D-9DDF-B0EEF847A8ED}"
EndProject
Project("{2150E333-8FDC-42A3-9474-1A3956D46DE8}") = "Tests", "Tests", "{E8FC6874-E230-468A-9685-4747354B92FF}"
EndProject
Project("{9A19103F-16F7-4668-BE54-9A1E7A4F7556}") = "Nop.Tests", "Tests\Nop.Tests\Nop.Tests.csproj", "{FD31C133-B4DE-4BB2-B327-1D0E2F2C95D4}"
EndProject
Project("{9A19103F-16F7-4668-BE54-9A1E7A4F7556}") = "Nop.Plugin.Misc.Omnisend", "Plugins\Nop.Plugin.Misc.Omnisend\Nop.Plugin.Misc.Omnisend.csproj", "{48003279-FC5E-43F4-B683-E28B34BAECEB}"
EndProject
Project("{FAE04EC0-301F-11D3-BF4B-00C04F79EFBC}") = "Nop.Plugin.Misc.CloudflareImages", "Plugins\Nop.Plugin.Misc.CloudflareImages\Nop.Plugin.Misc.CloudflareImages.csproj", "{877B52F9-B072-4138-8022-293101A080B1}"
EndProject
Project("{FAE04EC0-301F-11D3-BF4B-00C04F79EFBC}") = "NopStation.Plugin.Misc.Actions", "Plugins\NopStation.Plugin.Misc.Actions\NopStation.Plugin.Misc.Actions.csproj", "{3705B5FE-9A8F-4A72-AECD-2436D357CC03}"
EndProject
Project("{FAE04EC0-301F-11D3-BF4B-00C04F79EFBC}") = "NopStation.Plugin.Misc.Core", "Plugins\NopStation.Plugin.Misc.Core\NopStation.Plugin.Misc.Core.csproj", "{44FED12A-384F-4BA6-A58F-51EE294DF210}"
EndProject
Project("{FAE04EC0-301F-11D3-BF4B-00C04F79EFBC}") = "NopStation.Plugin.DiscountRules.DaysOfWeek", "Plugins\NopStation.Plugin.DiscountRules.DaysOfWeek\NopStation.Plugin.DiscountRules.DaysOfWeek.csproj", "{96081C1D-39A2-4AFF-BE01-08FC7DEBF800}"
EndProject
Project("{FAE04EC0-301F-11D3-BF4B-00C04F79EFBC}") = "NopStation.Plugin.Misc.AdminReportExporter", "Plugins\NopStation.Plugin.Misc.AdminReportExporter\NopStation.Plugin.Misc.AdminReportExporter.csproj", "{4DC4D044-CE9A-48D2-949B-F521A8DE21AD}"
EndProject
Project("{FAE04EC0-301F-11D3-BF4B-00C04F79EFBC}") = "NopStation.Plugin.DiscountRules.CartTotal", "Plugins\NopStation.Plugin.DiscountRules.CartTotal\NopStation.Plugin.DiscountRules.CartTotal.csproj", "{71C9F364-A534-4DEF-A470-67C18FEA2087}"
EndProject
Project("{FAE04EC0-301F-11D3-BF4B-00C04F79EFBC}") = "NopStation.Plugin.DiscountRules.CustomerBirthday", "Plugins\NopStation.Plugin.DiscountRules.CustomerBirthday\NopStation.Plugin.DiscountRules.CustomerBirthday.csproj", "{96D5E522-7EFF-4219-9812-DE7748117169}"
EndProject
Project("{FAE04EC0-301F-11D3-BF4B-00C04F79EFBC}") = "NopStation.Plugin.DiscountRules.CustomerGender", "Plugins\NopStation.Plugin.DiscountRules.CustomerGender\NopStation.Plugin.DiscountRules.CustomerGender.csproj", "{E1544244-9958-476F-A330-80EF78A4E90A}"
EndProject
Project("{FAE04EC0-301F-11D3-BF4B-00C04F79EFBC}") = "NopStation.Plugin.DiscountRules.OrderRange", "Plugins\NopStation.Plugin.DiscountRules.OrderRange\NopStation.Plugin.DiscountRules.OrderRange.csproj", "{E02DACCF-73BB-4259-A0A7-5CB1F18EE355}"
EndProject
Project("{FAE04EC0-301F-11D3-BF4B-00C04F79EFBC}") = "NopStation.Plugin.DiscountRules.TimeOfDay", "Plugins\NopStation.Plugin.DiscountRules.TimeOfDay\NopStation.Plugin.DiscountRules.TimeOfDay.csproj", "{610239E9-9E45-47E9-A5A7-67B986E6F6DF}"
EndProject
Project("{FAE04EC0-301F-11D3-BF4B-00C04F79EFBC}") = "NopStation.Plugin.DiscountRules.TotalSpent", "Plugins\NopStation.Plugin.DiscountRules.TotalSpent\NopStation.Plugin.DiscountRules.TotalSpent.csproj", "{2770BB5D-A2AD-43FC-AA2D-5C686E89C0DB}"
EndProject
Project("{FAE04EC0-301F-11D3-BF4B-00C04F79EFBC}") = "NopStation.Plugin.Misc.CustomerReminders", "Plugins\NopStation.Plugin.Misc.CustomerReminders\NopStation.Plugin.Misc.CustomerReminders.csproj", "{F07EE7ED-AB64-49F5-9834-329A3DD13FF3}"
EndProject
Project("{FAE04EC0-301F-11D3-BF4B-00C04F79EFBC}") = "NopStation.Plugin.Widgets.Product360View", "Plugins\NopStation.Plugin.Widgets.Product360View\NopStation.Plugin.Widgets.Product360View.csproj", "{23832122-6D3B-4B4A-B623-314B3456E0CD}"
EndProject
Project("{FAE04EC0-301F-11D3-BF4B-00C04F79EFBC}") = "NopStation.Plugin.Widgets.AnywhereSlider", "Plugins\NopStation.Plugin.Widgets.AnywhereSlider\NopStation.Plugin.Widgets.AnywhereSlider.csproj", "{05FFBA3D-CDCD-41EB-AD2F-1BBA8384449A}"
EndProject
Project("{FAE04EC0-301F-11D3-BF4B-00C04F79EFBC}") = "NopStation.Plugin.Widgets.CancelOrder", "Plugins\NopStation.Plugin.Widgets.CancelOrder\NopStation.Plugin.Widgets.CancelOrder.csproj", "{F121C75C-89C6-4B0A-A9C7-055B9F56425B}"
EndProject
Project("{FAE04EC0-301F-11D3-BF4B-00C04F79EFBC}") = "NopStation.Plugin.Widgets.MegaMenu", "Plugins\NopStation.Plugin.Widgets.MegaMenu\NopStation.Plugin.Widgets.MegaMenu.csproj", "{031D46AB-3C80-43D0-BFA0-534075C6E258}"
EndProject
Project("{FAE04EC0-301F-11D3-BF4B-00C04F79EFBC}") = "NopStation.Plugin.Widgets.OCarousels", "Plugins\NopStation.Plugin.Widgets.OCarousels\NopStation.Plugin.Widgets.OCarousels.csproj", "{53BE7600-436E-4897-B1FE-05D4226DC851}"
EndProject
Project("{FAE04EC0-301F-11D3-BF4B-00C04F79EFBC}") = "NopStation.Plugin.Widgets.PictureZoom", "Plugins\NopStation.Plugin.Widgets.PictureZoom\NopStation.Plugin.Widgets.PictureZoom.csproj", "{5EE023D2-50DA-410B-9D8A-D821D31F8A0B}"
EndProject
Project("{FAE04EC0-301F-11D3-BF4B-00C04F79EFBC}") = "NopStation.Plugin.Widgets.PrevNextProduct", "Plugins\NopStation.Plugin.Widgets.PrevNextProduct\NopStation.Plugin.Widgets.PrevNextProduct.csproj", "{0260E43A-0DCF-4105-A63C-A6C24B64DFAE}"
EndProject
Project("{FAE04EC0-301F-11D3-BF4B-00C04F79EFBC}") = "NopStation.Plugin.Widgets.ProductRibbon", "Plugins\NopStation.Plugin.Widgets.ProductRibbon\NopStation.Plugin.Widgets.ProductRibbon.csproj", "{5D11F697-D5FE-4ABE-839D-7FBC388AEDC8}"
EndProject
Project("{FAE04EC0-301F-11D3-BF4B-00C04F79EFBC}") = "NopStation.Plugin.Widgets.ProductTabs", "Plugins\NopStation.Plugin.Widgets.ProductTabs\NopStation.Plugin.Widgets.ProductTabs.csproj", "{291ABAAF-41B1-4351-9E4F-401B7B91E28B}"
EndProject
Project("{FAE04EC0-301F-11D3-BF4B-00C04F79EFBC}") = "NopStation.Plugin.Widgets.QuickView", "Plugins\NopStation.Plugin.Widgets.QuickView\NopStation.Plugin.Widgets.QuickView.csproj", "{011DA882-C93A-402D-B317-8256B71EE208}"
EndProject
Project("{FAE04EC0-301F-11D3-BF4B-00C04F79EFBC}") = "Nop.Plugin.Payments.CashOnDelivery", "Plugins\Nop.Plugin.Payments.CashOnDelivery\Nop.Plugin.Payments.CashOnDelivery.csproj", "{EFC337DA-F477-4A40-AD8D-9B5AC8505FAD}"
EndProject
Project("{FAE04EC0-301F-11D3-BF4B-00C04F79EFBC}") = "Widgets.FirebasePushNotification", "Plugins\Widgets.FirebasePushNotification\Widgets.FirebasePushNotification.csproj", "{78E85B6A-51BD-4A92-ABBC-0E208F06FB7A}"
EndProject
Global
	GlobalSection(SolutionConfigurationPlatforms) = preSolution
		Debug|Any CPU = Debug|Any CPU
		Debug|Mixed Platforms = Debug|Mixed Platforms
		Debug|x86 = Debug|x86
		Debug|x64 = Debug|x64
		Release|Any CPU = Release|Any CPU
		Release|Mixed Platforms = Release|Mixed Platforms
		Release|x86 = Release|x86
		Release|x64 = Release|x64
	EndGlobalSection
	GlobalSection(ProjectConfigurationPlatforms) = postSolution
		{4F1F649C-1020-45BE-A487-F416D9297FF3}.Debug|Any CPU.ActiveCfg = Debug|Any CPU
		{4F1F649C-1020-45BE-A487-F416D9297FF3}.Debug|Any CPU.Build.0 = Debug|Any CPU
		{4F1F649C-1020-45BE-A487-F416D9297FF3}.Debug|Mixed Platforms.ActiveCfg = Debug|Any CPU
		{4F1F649C-1020-45BE-A487-F416D9297FF3}.Debug|Mixed Platforms.Build.0 = Debug|Any CPU
		{4F1F649C-1020-45BE-A487-F416D9297FF3}.Debug|x86.ActiveCfg = Debug|Any CPU
		{4F1F649C-1020-45BE-A487-F416D9297FF3}.Debug|x64.ActiveCfg = Debug|Any CPU
		{4F1F649C-1020-45BE-A487-F416D9297FF3}.Debug|x64.Build.0 = Debug|Any CPU
		{4F1F649C-1020-45BE-A487-F416D9297FF3}.Release|Any CPU.ActiveCfg = Release|Any CPU
		{4F1F649C-1020-45BE-A487-F416D9297FF3}.Release|Any CPU.Build.0 = Release|Any CPU
		{4F1F649C-1020-45BE-A487-F416D9297FF3}.Release|Mixed Platforms.ActiveCfg = Release|Any CPU
		{4F1F649C-1020-45BE-A487-F416D9297FF3}.Release|Mixed Platforms.Build.0 = Release|Any CPU
		{4F1F649C-1020-45BE-A487-F416D9297FF3}.Release|x86.ActiveCfg = Release|Any CPU
		{4F1F649C-1020-45BE-A487-F416D9297FF3}.Release|x64.ActiveCfg = Release|Any CPU
		{4F1F649C-1020-45BE-A487-F416D9297FF3}.Release|x64.Build.0 = Release|Any CPU
		{6BDA8332-939F-45B7-A25E-7A797260AE59}.Debug|Any CPU.ActiveCfg = Debug|Any CPU
		{6BDA8332-939F-45B7-A25E-7A797260AE59}.Debug|Any CPU.Build.0 = Debug|Any CPU
		{6BDA8332-939F-45B7-A25E-7A797260AE59}.Debug|Mixed Platforms.ActiveCfg = Debug|Any CPU
		{6BDA8332-939F-45B7-A25E-7A797260AE59}.Debug|Mixed Platforms.Build.0 = Debug|Any CPU
		{6BDA8332-939F-45B7-A25E-7A797260AE59}.Debug|x86.ActiveCfg = Debug|Any CPU
		{6BDA8332-939F-45B7-A25E-7A797260AE59}.Debug|x64.ActiveCfg = Debug|Any CPU
		{6BDA8332-939F-45B7-A25E-7A797260AE59}.Debug|x64.Build.0 = Debug|Any CPU
		{6BDA8332-939F-45B7-A25E-7A797260AE59}.Release|Any CPU.ActiveCfg = Release|Any CPU
		{6BDA8332-939F-45B7-A25E-7A797260AE59}.Release|Any CPU.Build.0 = Release|Any CPU
		{6BDA8332-939F-45B7-A25E-7A797260AE59}.Release|Mixed Platforms.ActiveCfg = Release|Any CPU
		{6BDA8332-939F-45B7-A25E-7A797260AE59}.Release|Mixed Platforms.Build.0 = Release|Any CPU
		{6BDA8332-939F-45B7-A25E-7A797260AE59}.Release|x86.ActiveCfg = Release|Any CPU
		{6BDA8332-939F-45B7-A25E-7A797260AE59}.Release|x64.ActiveCfg = Release|Any CPU
		{6BDA8332-939F-45B7-A25E-7A797260AE59}.Release|x64.Build.0 = Release|Any CPU
		{CCD7F2C9-6A2C-4CF0-8E89-076B8FC0F144}.Debug|Any CPU.ActiveCfg = Debug|Any CPU
		{CCD7F2C9-6A2C-4CF0-8E89-076B8FC0F144}.Debug|Any CPU.Build.0 = Debug|Any CPU
		{CCD7F2C9-6A2C-4CF0-8E89-076B8FC0F144}.Debug|Mixed Platforms.ActiveCfg = Debug|Any CPU
		{CCD7F2C9-6A2C-4CF0-8E89-076B8FC0F144}.Debug|Mixed Platforms.Build.0 = Debug|Any CPU
		{CCD7F2C9-6A2C-4CF0-8E89-076B8FC0F144}.Debug|x86.ActiveCfg = Debug|Any CPU
		{CCD7F2C9-6A2C-4CF0-8E89-076B8FC0F144}.Debug|x64.ActiveCfg = Debug|Any CPU
		{CCD7F2C9-6A2C-4CF0-8E89-076B8FC0F144}.Debug|x64.Build.0 = Debug|Any CPU
		{CCD7F2C9-6A2C-4CF0-8E89-076B8FC0F144}.Release|Any CPU.ActiveCfg = Release|Any CPU
		{CCD7F2C9-6A2C-4CF0-8E89-076B8FC0F144}.Release|Any CPU.Build.0 = Release|Any CPU
		{CCD7F2C9-6A2C-4CF0-8E89-076B8FC0F144}.Release|Mixed Platforms.ActiveCfg = Release|Any CPU
		{CCD7F2C9-6A2C-4CF0-8E89-076B8FC0F144}.Release|Mixed Platforms.Build.0 = Release|Any CPU
		{CCD7F2C9-6A2C-4CF0-8E89-076B8FC0F144}.Release|x86.ActiveCfg = Release|Any CPU
		{CCD7F2C9-6A2C-4CF0-8E89-076B8FC0F144}.Release|x64.ActiveCfg = Release|Any CPU
		{CCD7F2C9-6A2C-4CF0-8E89-076B8FC0F144}.Release|x64.Build.0 = Release|Any CPU
		{210541AD-F659-47DA-8763-16F36C5CD2F4}.Debug|Any CPU.ActiveCfg = Debug|Any CPU
		{210541AD-F659-47DA-8763-16F36C5CD2F4}.Debug|Any CPU.Build.0 = Debug|Any CPU
		{210541AD-F659-47DA-8763-16F36C5CD2F4}.Debug|Mixed Platforms.ActiveCfg = Debug|Any CPU
		{210541AD-F659-47DA-8763-16F36C5CD2F4}.Debug|Mixed Platforms.Build.0 = Debug|Any CPU
		{210541AD-F659-47DA-8763-16F36C5CD2F4}.Debug|x86.ActiveCfg = Debug|Any CPU
		{210541AD-F659-47DA-8763-16F36C5CD2F4}.Debug|x64.ActiveCfg = Debug|Any CPU
		{210541AD-F659-47DA-8763-16F36C5CD2F4}.Debug|x64.Build.0 = Debug|Any CPU
		{210541AD-F659-47DA-8763-16F36C5CD2F4}.Release|Any CPU.ActiveCfg = Release|Any CPU
		{210541AD-F659-47DA-8763-16F36C5CD2F4}.Release|Any CPU.Build.0 = Release|Any CPU
		{210541AD-F659-47DA-8763-16F36C5CD2F4}.Release|Mixed Platforms.ActiveCfg = Release|Any CPU
		{210541AD-F659-47DA-8763-16F36C5CD2F4}.Release|Mixed Platforms.Build.0 = Release|Any CPU
		{210541AD-F659-47DA-8763-16F36C5CD2F4}.Release|x86.ActiveCfg = Release|Any CPU
		{210541AD-F659-47DA-8763-16F36C5CD2F4}.Release|x64.ActiveCfg = Release|Any CPU
		{210541AD-F659-47DA-8763-16F36C5CD2F4}.Release|x64.Build.0 = Release|Any CPU
		{75FD4163-333C-4DD5-854D-2EF294E45D94}.Debug|Any CPU.ActiveCfg = Debug|Any CPU
		{75FD4163-333C-4DD5-854D-2EF294E45D94}.Debug|Any CPU.Build.0 = Debug|Any CPU
		{75FD4163-333C-4DD5-854D-2EF294E45D94}.Debug|Mixed Platforms.ActiveCfg = Debug|Any CPU
		{75FD4163-333C-4DD5-854D-2EF294E45D94}.Debug|Mixed Platforms.Build.0 = Debug|Any CPU
		{75FD4163-333C-4DD5-854D-2EF294E45D94}.Debug|x86.ActiveCfg = Debug|Any CPU
		{75FD4163-333C-4DD5-854D-2EF294E45D94}.Debug|x64.ActiveCfg = Debug|Any CPU
		{75FD4163-333C-4DD5-854D-2EF294E45D94}.Debug|x64.Build.0 = Debug|Any CPU
		{75FD4163-333C-4DD5-854D-2EF294E45D94}.Release|Any CPU.ActiveCfg = Release|Any CPU
		{75FD4163-333C-4DD5-854D-2EF294E45D94}.Release|Any CPU.Build.0 = Release|Any CPU
		{75FD4163-333C-4DD5-854D-2EF294E45D94}.Release|Mixed Platforms.ActiveCfg = Release|Any CPU
		{75FD4163-333C-4DD5-854D-2EF294E45D94}.Release|Mixed Platforms.Build.0 = Release|Any CPU
		{75FD4163-333C-4DD5-854D-2EF294E45D94}.Release|x86.ActiveCfg = Release|Any CPU
		{75FD4163-333C-4DD5-854D-2EF294E45D94}.Release|x64.ActiveCfg = Release|Any CPU
		{75FD4163-333C-4DD5-854D-2EF294E45D94}.Release|x64.Build.0 = Release|Any CPU
		{C2B83AF5-80F6-4B8C-8628-FA7DE10C3BB5}.Debug|Any CPU.ActiveCfg = Debug|Any CPU
		{C2B83AF5-80F6-4B8C-8628-FA7DE10C3BB5}.Debug|Any CPU.Build.0 = Debug|Any CPU
		{C2B83AF5-80F6-4B8C-8628-FA7DE10C3BB5}.Debug|Mixed Platforms.ActiveCfg = Debug|Any CPU
		{C2B83AF5-80F6-4B8C-8628-FA7DE10C3BB5}.Debug|Mixed Platforms.Build.0 = Debug|Any CPU
		{C2B83AF5-80F6-4B8C-8628-FA7DE10C3BB5}.Debug|x86.ActiveCfg = Debug|Any CPU
		{C2B83AF5-80F6-4B8C-8628-FA7DE10C3BB5}.Debug|x64.ActiveCfg = Debug|Any CPU
		{C2B83AF5-80F6-4B8C-8628-FA7DE10C3BB5}.Debug|x64.Build.0 = Debug|Any CPU
		{C2B83AF5-80F6-4B8C-8628-FA7DE10C3BB5}.Release|Any CPU.ActiveCfg = Release|Any CPU
		{C2B83AF5-80F6-4B8C-8628-FA7DE10C3BB5}.Release|Any CPU.Build.0 = Release|Any CPU
		{C2B83AF5-80F6-4B8C-8628-FA7DE10C3BB5}.Release|Mixed Platforms.ActiveCfg = Release|Any CPU
		{C2B83AF5-80F6-4B8C-8628-FA7DE10C3BB5}.Release|Mixed Platforms.Build.0 = Release|Any CPU
		{C2B83AF5-80F6-4B8C-8628-FA7DE10C3BB5}.Release|x86.ActiveCfg = Release|Any CPU
		{C2B83AF5-80F6-4B8C-8628-FA7DE10C3BB5}.Release|x64.ActiveCfg = Release|Any CPU
		{C2B83AF5-80F6-4B8C-8628-FA7DE10C3BB5}.Release|x64.Build.0 = Release|Any CPU
		{9978B382-0BCD-4621-B6B5-52E0E3B5F464}.Debug|Any CPU.ActiveCfg = Debug|Any CPU
		{9978B382-0BCD-4621-B6B5-52E0E3B5F464}.Debug|Any CPU.Build.0 = Debug|Any CPU
		{9978B382-0BCD-4621-B6B5-52E0E3B5F464}.Debug|Mixed Platforms.ActiveCfg = Debug|Any CPU
		{9978B382-0BCD-4621-B6B5-52E0E3B5F464}.Debug|Mixed Platforms.Build.0 = Debug|Any CPU
		{9978B382-0BCD-4621-B6B5-52E0E3B5F464}.Debug|x86.ActiveCfg = Debug|Any CPU
		{9978B382-0BCD-4621-B6B5-52E0E3B5F464}.Debug|x64.ActiveCfg = Debug|Any CPU
		{9978B382-0BCD-4621-B6B5-52E0E3B5F464}.Debug|x64.Build.0 = Debug|Any CPU
		{9978B382-0BCD-4621-B6B5-52E0E3B5F464}.Release|Any CPU.ActiveCfg = Release|Any CPU
		{9978B382-0BCD-4621-B6B5-52E0E3B5F464}.Release|Any CPU.Build.0 = Release|Any CPU
		{9978B382-0BCD-4621-B6B5-52E0E3B5F464}.Release|Mixed Platforms.ActiveCfg = Release|Any CPU
		{9978B382-0BCD-4621-B6B5-52E0E3B5F464}.Release|Mixed Platforms.Build.0 = Release|Any CPU
		{9978B382-0BCD-4621-B6B5-52E0E3B5F464}.Release|x86.ActiveCfg = Release|Any CPU
		{9978B382-0BCD-4621-B6B5-52E0E3B5F464}.Release|x64.ActiveCfg = Release|Any CPU
		{9978B382-0BCD-4621-B6B5-52E0E3B5F464}.Release|x64.Build.0 = Release|Any CPU
		{06C88D0B-A276-4D3D-8BE5-7C58BF3072E3}.Debug|Any CPU.ActiveCfg = Debug|Any CPU
		{06C88D0B-A276-4D3D-8BE5-7C58BF3072E3}.Debug|Any CPU.Build.0 = Debug|Any CPU
		{06C88D0B-A276-4D3D-8BE5-7C58BF3072E3}.Debug|Mixed Platforms.ActiveCfg = Debug|Any CPU
		{06C88D0B-A276-4D3D-8BE5-7C58BF3072E3}.Debug|Mixed Platforms.Build.0 = Debug|Any CPU
		{06C88D0B-A276-4D3D-8BE5-7C58BF3072E3}.Debug|x86.ActiveCfg = Debug|Any CPU
		{06C88D0B-A276-4D3D-8BE5-7C58BF3072E3}.Debug|x86.Build.0 = Debug|Any CPU
		{06C88D0B-A276-4D3D-8BE5-7C58BF3072E3}.Debug|x64.ActiveCfg = Debug|Any CPU
		{06C88D0B-A276-4D3D-8BE5-7C58BF3072E3}.Debug|x64.Build.0 = Debug|Any CPU
		{06C88D0B-A276-4D3D-8BE5-7C58BF3072E3}.Release|Any CPU.ActiveCfg = Release|Any CPU
		{06C88D0B-A276-4D3D-8BE5-7C58BF3072E3}.Release|Any CPU.Build.0 = Release|Any CPU
		{06C88D0B-A276-4D3D-8BE5-7C58BF3072E3}.Release|Mixed Platforms.ActiveCfg = Release|Any CPU
		{06C88D0B-A276-4D3D-8BE5-7C58BF3072E3}.Release|Mixed Platforms.Build.0 = Release|Any CPU
		{06C88D0B-A276-4D3D-8BE5-7C58BF3072E3}.Release|x86.ActiveCfg = Release|Any CPU
		{06C88D0B-A276-4D3D-8BE5-7C58BF3072E3}.Release|x86.Build.0 = Release|Any CPU
		{06C88D0B-A276-4D3D-8BE5-7C58BF3072E3}.Release|x64.ActiveCfg = Release|Any CPU
		{06C88D0B-A276-4D3D-8BE5-7C58BF3072E3}.Release|x64.Build.0 = Release|Any CPU
		{560768D4-7E1D-4431-99F0-CC14C255E167}.Debug|Any CPU.ActiveCfg = Debug|Any CPU
		{560768D4-7E1D-4431-99F0-CC14C255E167}.Debug|Any CPU.Build.0 = Debug|Any CPU
		{560768D4-7E1D-4431-99F0-CC14C255E167}.Debug|Mixed Platforms.ActiveCfg = Debug|Any CPU
		{560768D4-7E1D-4431-99F0-CC14C255E167}.Debug|Mixed Platforms.Build.0 = Debug|Any CPU
		{560768D4-7E1D-4431-99F0-CC14C255E167}.Debug|x86.ActiveCfg = Debug|Any CPU
		{560768D4-7E1D-4431-99F0-CC14C255E167}.Debug|x86.Build.0 = Debug|Any CPU
		{560768D4-7E1D-4431-99F0-CC14C255E167}.Debug|x64.ActiveCfg = Debug|Any CPU
		{560768D4-7E1D-4431-99F0-CC14C255E167}.Debug|x64.Build.0 = Debug|Any CPU
		{560768D4-7E1D-4431-99F0-CC14C255E167}.Release|Any CPU.ActiveCfg = Release|Any CPU
		{560768D4-7E1D-4431-99F0-CC14C255E167}.Release|Any CPU.Build.0 = Release|Any CPU
		{560768D4-7E1D-4431-99F0-CC14C255E167}.Release|Mixed Platforms.ActiveCfg = Release|Any CPU
		{560768D4-7E1D-4431-99F0-CC14C255E167}.Release|Mixed Platforms.Build.0 = Release|Any CPU
		{560768D4-7E1D-4431-99F0-CC14C255E167}.Release|x86.ActiveCfg = Release|Any CPU
		{560768D4-7E1D-4431-99F0-CC14C255E167}.Release|x86.Build.0 = Release|Any CPU
		{560768D4-7E1D-4431-99F0-CC14C255E167}.Release|x64.ActiveCfg = Release|Any CPU
		{560768D4-7E1D-4431-99F0-CC14C255E167}.Release|x64.Build.0 = Release|Any CPU
		{4C0C889A-A3B2-43FA-824A-F529402C1BBF}.Debug|Any CPU.ActiveCfg = Debug|Any CPU
		{4C0C889A-A3B2-43FA-824A-F529402C1BBF}.Debug|Any CPU.Build.0 = Debug|Any CPU
		{4C0C889A-A3B2-43FA-824A-F529402C1BBF}.Debug|Mixed Platforms.ActiveCfg = Debug|Any CPU
		{4C0C889A-A3B2-43FA-824A-F529402C1BBF}.Debug|Mixed Platforms.Build.0 = Debug|Any CPU
		{4C0C889A-A3B2-43FA-824A-F529402C1BBF}.Debug|x86.ActiveCfg = Debug|Any CPU
		{4C0C889A-A3B2-43FA-824A-F529402C1BBF}.Debug|x86.Build.0 = Debug|Any CPU
		{4C0C889A-A3B2-43FA-824A-F529402C1BBF}.Debug|x64.ActiveCfg = Debug|Any CPU
		{4C0C889A-A3B2-43FA-824A-F529402C1BBF}.Debug|x64.Build.0 = Debug|Any CPU
		{4C0C889A-A3B2-43FA-824A-F529402C1BBF}.Release|Any CPU.ActiveCfg = Release|Any CPU
		{4C0C889A-A3B2-43FA-824A-F529402C1BBF}.Release|Any CPU.Build.0 = Release|Any CPU
		{4C0C889A-A3B2-43FA-824A-F529402C1BBF}.Release|Mixed Platforms.ActiveCfg = Release|Any CPU
		{4C0C889A-A3B2-43FA-824A-F529402C1BBF}.Release|Mixed Platforms.Build.0 = Release|Any CPU
		{4C0C889A-A3B2-43FA-824A-F529402C1BBF}.Release|x86.ActiveCfg = Release|Any CPU
		{4C0C889A-A3B2-43FA-824A-F529402C1BBF}.Release|x86.Build.0 = Release|Any CPU
		{4C0C889A-A3B2-43FA-824A-F529402C1BBF}.Release|x64.ActiveCfg = Release|Any CPU
		{4C0C889A-A3B2-43FA-824A-F529402C1BBF}.Release|x64.Build.0 = Release|Any CPU
		{7B08DACB-8E11-416D-9DDF-B0EEF847A8ED}.Debug|Any CPU.ActiveCfg = Debug|Any CPU
		{7B08DACB-8E11-416D-9DDF-B0EEF847A8ED}.Debug|Any CPU.Build.0 = Debug|Any CPU
		{7B08DACB-8E11-416D-9DDF-B0EEF847A8ED}.Debug|Mixed Platforms.ActiveCfg = Debug|Any CPU
		{7B08DACB-8E11-416D-9DDF-B0EEF847A8ED}.Debug|Mixed Platforms.Build.0 = Debug|Any CPU
		{7B08DACB-8E11-416D-9DDF-B0EEF847A8ED}.Debug|x86.ActiveCfg = Debug|Any CPU
		{7B08DACB-8E11-416D-9DDF-B0EEF847A8ED}.Debug|x86.Build.0 = Debug|Any CPU
		{7B08DACB-8E11-416D-9DDF-B0EEF847A8ED}.Debug|x64.ActiveCfg = Debug|Any CPU
		{7B08DACB-8E11-416D-9DDF-B0EEF847A8ED}.Debug|x64.Build.0 = Debug|Any CPU
		{7B08DACB-8E11-416D-9DDF-B0EEF847A8ED}.Release|Any CPU.ActiveCfg = Release|Any CPU
		{7B08DACB-8E11-416D-9DDF-B0EEF847A8ED}.Release|Any CPU.Build.0 = Release|Any CPU
		{7B08DACB-8E11-416D-9DDF-B0EEF847A8ED}.Release|Mixed Platforms.ActiveCfg = Release|Any CPU
		{7B08DACB-8E11-416D-9DDF-B0EEF847A8ED}.Release|Mixed Platforms.Build.0 = Release|Any CPU
		{7B08DACB-8E11-416D-9DDF-B0EEF847A8ED}.Release|x86.ActiveCfg = Release|Any CPU
		{7B08DACB-8E11-416D-9DDF-B0EEF847A8ED}.Release|x86.Build.0 = Release|Any CPU
		{7B08DACB-8E11-416D-9DDF-B0EEF847A8ED}.Release|x64.ActiveCfg = Release|Any CPU
		{7B08DACB-8E11-416D-9DDF-B0EEF847A8ED}.Release|x64.Build.0 = Release|Any CPU
		{FD31C133-B4DE-4BB2-B327-1D0E2F2C95D4}.Debug|Any CPU.ActiveCfg = Debug|Any CPU
		{FD31C133-B4DE-4BB2-B327-1D0E2F2C95D4}.Debug|Any CPU.Build.0 = Debug|Any CPU
		{FD31C133-B4DE-4BB2-B327-1D0E2F2C95D4}.Debug|Mixed Platforms.ActiveCfg = Debug|Any CPU
		{FD31C133-B4DE-4BB2-B327-1D0E2F2C95D4}.Debug|Mixed Platforms.Build.0 = Debug|Any CPU
		{FD31C133-B4DE-4BB2-B327-1D0E2F2C95D4}.Debug|x86.ActiveCfg = Debug|Any CPU
		{FD31C133-B4DE-4BB2-B327-1D0E2F2C95D4}.Debug|x86.Build.0 = Debug|Any CPU
		{FD31C133-B4DE-4BB2-B327-1D0E2F2C95D4}.Debug|x64.ActiveCfg = Debug|Any CPU
		{FD31C133-B4DE-4BB2-B327-1D0E2F2C95D4}.Debug|x64.Build.0 = Debug|Any CPU
		{FD31C133-B4DE-4BB2-B327-1D0E2F2C95D4}.Release|Any CPU.ActiveCfg = Release|Any CPU
		{FD31C133-B4DE-4BB2-B327-1D0E2F2C95D4}.Release|Any CPU.Build.0 = Release|Any CPU
		{FD31C133-B4DE-4BB2-B327-1D0E2F2C95D4}.Release|Mixed Platforms.ActiveCfg = Release|Any CPU
		{FD31C133-B4DE-4BB2-B327-1D0E2F2C95D4}.Release|Mixed Platforms.Build.0 = Release|Any CPU
		{FD31C133-B4DE-4BB2-B327-1D0E2F2C95D4}.Release|x86.ActiveCfg = Release|Any CPU
		{FD31C133-B4DE-4BB2-B327-1D0E2F2C95D4}.Release|x86.Build.0 = Release|Any CPU
		{FD31C133-B4DE-4BB2-B327-1D0E2F2C95D4}.Release|x64.ActiveCfg = Release|Any CPU
		{FD31C133-B4DE-4BB2-B327-1D0E2F2C95D4}.Release|x64.Build.0 = Release|Any CPU
		{48003279-FC5E-43F4-B683-E28B34BAECEB}.Debug|Any CPU.ActiveCfg = Debug|Any CPU
		{48003279-FC5E-43F4-B683-E28B34BAECEB}.Debug|Any CPU.Build.0 = Debug|Any CPU
		{48003279-FC5E-43F4-B683-E28B34BAECEB}.Debug|Mixed Platforms.ActiveCfg = Debug|Any CPU
		{48003279-FC5E-43F4-B683-E28B34BAECEB}.Debug|Mixed Platforms.Build.0 = Debug|Any CPU
		{48003279-FC5E-43F4-B683-E28B34BAECEB}.Debug|x86.ActiveCfg = Debug|Any CPU
		{48003279-FC5E-43F4-B683-E28B34BAECEB}.Debug|x86.Build.0 = Debug|Any CPU
		{48003279-FC5E-43F4-B683-E28B34BAECEB}.Debug|x64.ActiveCfg = Debug|Any CPU
		{48003279-FC5E-43F4-B683-E28B34BAECEB}.Debug|x64.Build.0 = Debug|Any CPU
		{48003279-FC5E-43F4-B683-E28B34BAECEB}.Release|Any CPU.ActiveCfg = Release|Any CPU
		{48003279-FC5E-43F4-B683-E28B34BAECEB}.Release|Any CPU.Build.0 = Release|Any CPU
		{48003279-FC5E-43F4-B683-E28B34BAECEB}.Release|Mixed Platforms.ActiveCfg = Release|Any CPU
		{48003279-FC5E-43F4-B683-E28B34BAECEB}.Release|Mixed Platforms.Build.0 = Release|Any CPU
		{48003279-FC5E-43F4-B683-E28B34BAECEB}.Release|x86.ActiveCfg = Release|Any CPU
		{48003279-FC5E-43F4-B683-E28B34BAECEB}.Release|x86.Build.0 = Release|Any CPU
		{48003279-FC5E-43F4-B683-E28B34BAECEB}.Release|x64.ActiveCfg = Release|Any CPU
		{48003279-FC5E-43F4-B683-E28B34BAECEB}.Release|x64.Build.0 = Release|Any CPU
		{877B52F9-B072-4138-8022-293101A080B1}.Debug|Any CPU.ActiveCfg = Debug|Any CPU
		{877B52F9-B072-4138-8022-293101A080B1}.Debug|Any CPU.Build.0 = Debug|Any CPU
		{877B52F9-B072-4138-8022-293101A080B1}.Debug|Mixed Platforms.ActiveCfg = Debug|Any CPU
		{877B52F9-B072-4138-8022-293101A080B1}.Debug|Mixed Platforms.Build.0 = Debug|Any CPU
		{877B52F9-B072-4138-8022-293101A080B1}.Debug|x86.ActiveCfg = Debug|Any CPU
		{877B52F9-B072-4138-8022-293101A080B1}.Debug|x86.Build.0 = Debug|Any CPU
		{877B52F9-B072-4138-8022-293101A080B1}.Debug|x64.ActiveCfg = Debug|Any CPU
		{877B52F9-B072-4138-8022-293101A080B1}.Debug|x64.Build.0 = Debug|Any CPU
		{877B52F9-B072-4138-8022-293101A080B1}.Release|Any CPU.ActiveCfg = Release|Any CPU
		{877B52F9-B072-4138-8022-293101A080B1}.Release|Any CPU.Build.0 = Release|Any CPU
		{877B52F9-B072-4138-8022-293101A080B1}.Release|Mixed Platforms.ActiveCfg = Release|Any CPU
		{877B52F9-B072-4138-8022-293101A080B1}.Release|Mixed Platforms.Build.0 = Release|Any CPU
		{877B52F9-B072-4138-8022-293101A080B1}.Release|x86.ActiveCfg = Release|Any CPU
		{877B52F9-B072-4138-8022-293101A080B1}.Release|x86.Build.0 = Release|Any CPU
		{877B52F9-B072-4138-8022-293101A080B1}.Release|x64.ActiveCfg = Release|Any CPU
		{877B52F9-B072-4138-8022-293101A080B1}.Release|x64.Build.0 = Release|Any CPU
		{3705B5FE-9A8F-4A72-AECD-2436D357CC03}.Debug|Any CPU.ActiveCfg = Debug|Any CPU
		{3705B5FE-9A8F-4A72-AECD-2436D357CC03}.Debug|Any CPU.Build.0 = Debug|Any CPU
		{3705B5FE-9A8F-4A72-AECD-2436D357CC03}.Debug|Mixed Platforms.ActiveCfg = Debug|Any CPU
		{3705B5FE-9A8F-4A72-AECD-2436D357CC03}.Debug|Mixed Platforms.Build.0 = Debug|Any CPU
		{3705B5FE-9A8F-4A72-AECD-2436D357CC03}.Debug|x86.ActiveCfg = Debug|Any CPU
		{3705B5FE-9A8F-4A72-AECD-2436D357CC03}.Debug|x86.Build.0 = Debug|Any CPU
		{3705B5FE-9A8F-4A72-AECD-2436D357CC03}.Debug|x64.ActiveCfg = Debug|Any CPU
		{3705B5FE-9A8F-4A72-AECD-2436D357CC03}.Debug|x64.Build.0 = Debug|Any CPU
		{3705B5FE-9A8F-4A72-AECD-2436D357CC03}.Release|Any CPU.ActiveCfg = Release|Any CPU
		{3705B5FE-9A8F-4A72-AECD-2436D357CC03}.Release|Any CPU.Build.0 = Release|Any CPU
		{3705B5FE-9A8F-4A72-AECD-2436D357CC03}.Release|Mixed Platforms.ActiveCfg = Release|Any CPU
		{3705B5FE-9A8F-4A72-AECD-2436D357CC03}.Release|Mixed Platforms.Build.0 = Release|Any CPU
		{3705B5FE-9A8F-4A72-AECD-2436D357CC03}.Release|x86.ActiveCfg = Release|Any CPU
		{3705B5FE-9A8F-4A72-AECD-2436D357CC03}.Release|x86.Build.0 = Release|Any CPU
		{3705B5FE-9A8F-4A72-AECD-2436D357CC03}.Release|x64.ActiveCfg = Release|Any CPU
		{3705B5FE-9A8F-4A72-AECD-2436D357CC03}.Release|x64.Build.0 = Release|Any CPU
		{44FED12A-384F-4BA6-A58F-51EE294DF210}.Debug|Any CPU.ActiveCfg = Debug|Any CPU
		{44FED12A-384F-4BA6-A58F-51EE294DF210}.Debug|Any CPU.Build.0 = Debug|Any CPU
		{44FED12A-384F-4BA6-A58F-51EE294DF210}.Debug|Mixed Platforms.ActiveCfg = Debug|Any CPU
		{44FED12A-384F-4BA6-A58F-51EE294DF210}.Debug|Mixed Platforms.Build.0 = Debug|Any CPU
		{44FED12A-384F-4BA6-A58F-51EE294DF210}.Debug|x86.ActiveCfg = Debug|Any CPU
		{44FED12A-384F-4BA6-A58F-51EE294DF210}.Debug|x86.Build.0 = Debug|Any CPU
		{44FED12A-384F-4BA6-A58F-51EE294DF210}.Debug|x64.ActiveCfg = Debug|Any CPU
		{44FED12A-384F-4BA6-A58F-51EE294DF210}.Debug|x64.Build.0 = Debug|Any CPU
		{44FED12A-384F-4BA6-A58F-51EE294DF210}.Release|Any CPU.ActiveCfg = Release|Any CPU
		{44FED12A-384F-4BA6-A58F-51EE294DF210}.Release|Any CPU.Build.0 = Release|Any CPU
		{44FED12A-384F-4BA6-A58F-51EE294DF210}.Release|Mixed Platforms.ActiveCfg = Release|Any CPU
		{44FED12A-384F-4BA6-A58F-51EE294DF210}.Release|Mixed Platforms.Build.0 = Release|Any CPU
		{44FED12A-384F-4BA6-A58F-51EE294DF210}.Release|x86.ActiveCfg = Release|Any CPU
		{44FED12A-384F-4BA6-A58F-51EE294DF210}.Release|x86.Build.0 = Release|Any CPU
		{44FED12A-384F-4BA6-A58F-51EE294DF210}.Release|x64.ActiveCfg = Release|Any CPU
		{44FED12A-384F-4BA6-A58F-51EE294DF210}.Release|x64.Build.0 = Release|Any CPU
		{96081C1D-39A2-4AFF-BE01-08FC7DEBF800}.Debug|Any CPU.ActiveCfg = Debug|Any CPU
		{96081C1D-39A2-4AFF-BE01-08FC7DEBF800}.Debug|Any CPU.Build.0 = Debug|Any CPU
		{96081C1D-39A2-4AFF-BE01-08FC7DEBF800}.Debug|Mixed Platforms.ActiveCfg = Debug|Any CPU
		{96081C1D-39A2-4AFF-BE01-08FC7DEBF800}.Debug|Mixed Platforms.Build.0 = Debug|Any CPU
		{96081C1D-39A2-4AFF-BE01-08FC7DEBF800}.Debug|x86.ActiveCfg = Debug|Any CPU
		{96081C1D-39A2-4AFF-BE01-08FC7DEBF800}.Debug|x86.Build.0 = Debug|Any CPU
		{96081C1D-39A2-4AFF-BE01-08FC7DEBF800}.Debug|x64.ActiveCfg = Debug|Any CPU
		{96081C1D-39A2-4AFF-BE01-08FC7DEBF800}.Debug|x64.Build.0 = Debug|Any CPU
		{96081C1D-39A2-4AFF-BE01-08FC7DEBF800}.Release|Any CPU.ActiveCfg = Release|Any CPU
		{96081C1D-39A2-4AFF-BE01-08FC7DEBF800}.Release|Any CPU.Build.0 = Release|Any CPU
		{96081C1D-39A2-4AFF-BE01-08FC7DEBF800}.Release|Mixed Platforms.ActiveCfg = Release|Any CPU
		{96081C1D-39A2-4AFF-BE01-08FC7DEBF800}.Release|Mixed Platforms.Build.0 = Release|Any CPU
		{96081C1D-39A2-4AFF-BE01-08FC7DEBF800}.Release|x86.ActiveCfg = Release|Any CPU
		{96081C1D-39A2-4AFF-BE01-08FC7DEBF800}.Release|x86.Build.0 = Release|Any CPU
		{96081C1D-39A2-4AFF-BE01-08FC7DEBF800}.Release|x64.ActiveCfg = Release|Any CPU
		{96081C1D-39A2-4AFF-BE01-08FC7DEBF800}.Release|x64.Build.0 = Release|Any CPU
		{4DC4D044-CE9A-48D2-949B-F521A8DE21AD}.Debug|Any CPU.ActiveCfg = Debug|Any CPU
		{4DC4D044-CE9A-48D2-949B-F521A8DE21AD}.Debug|Any CPU.Build.0 = Debug|Any CPU
		{4DC4D044-CE9A-48D2-949B-F521A8DE21AD}.Debug|Mixed Platforms.ActiveCfg = Debug|Any CPU
		{4DC4D044-CE9A-48D2-949B-F521A8DE21AD}.Debug|Mixed Platforms.Build.0 = Debug|Any CPU
		{4DC4D044-CE9A-48D2-949B-F521A8DE21AD}.Debug|x86.ActiveCfg = Debug|Any CPU
		{4DC4D044-CE9A-48D2-949B-F521A8DE21AD}.Debug|x86.Build.0 = Debug|Any CPU
		{4DC4D044-CE9A-48D2-949B-F521A8DE21AD}.Debug|x64.ActiveCfg = Debug|Any CPU
		{4DC4D044-CE9A-48D2-949B-F521A8DE21AD}.Debug|x64.Build.0 = Debug|Any CPU
		{4DC4D044-CE9A-48D2-949B-F521A8DE21AD}.Release|Any CPU.ActiveCfg = Release|Any CPU
		{4DC4D044-CE9A-48D2-949B-F521A8DE21AD}.Release|Any CPU.Build.0 = Release|Any CPU
		{4DC4D044-CE9A-48D2-949B-F521A8DE21AD}.Release|Mixed Platforms.ActiveCfg = Release|Any CPU
		{4DC4D044-CE9A-48D2-949B-F521A8DE21AD}.Release|Mixed Platforms.Build.0 = Release|Any CPU
		{4DC4D044-CE9A-48D2-949B-F521A8DE21AD}.Release|x86.ActiveCfg = Release|Any CPU
		{4DC4D044-CE9A-48D2-949B-F521A8DE21AD}.Release|x86.Build.0 = Release|Any CPU
		{4DC4D044-CE9A-48D2-949B-F521A8DE21AD}.Release|x64.ActiveCfg = Release|Any CPU
		{4DC4D044-CE9A-48D2-949B-F521A8DE21AD}.Release|x64.Build.0 = Release|Any CPU
		{71C9F364-A534-4DEF-A470-67C18FEA2087}.Debug|Any CPU.ActiveCfg = Debug|Any CPU
		{71C9F364-A534-4DEF-A470-67C18FEA2087}.Debug|Any CPU.Build.0 = Debug|Any CPU
		{71C9F364-A534-4DEF-A470-67C18FEA2087}.Debug|Mixed Platforms.ActiveCfg = Debug|Any CPU
		{71C9F364-A534-4DEF-A470-67C18FEA2087}.Debug|Mixed Platforms.Build.0 = Debug|Any CPU
		{71C9F364-A534-4DEF-A470-67C18FEA2087}.Debug|x86.ActiveCfg = Debug|Any CPU
		{71C9F364-A534-4DEF-A470-67C18FEA2087}.Debug|x86.Build.0 = Debug|Any CPU
		{71C9F364-A534-4DEF-A470-67C18FEA2087}.Debug|x64.ActiveCfg = Debug|Any CPU
		{71C9F364-A534-4DEF-A470-67C18FEA2087}.Debug|x64.Build.0 = Debug|Any CPU
		{71C9F364-A534-4DEF-A470-67C18FEA2087}.Release|Any CPU.ActiveCfg = Release|Any CPU
		{71C9F364-A534-4DEF-A470-67C18FEA2087}.Release|Any CPU.Build.0 = Release|Any CPU
		{71C9F364-A534-4DEF-A470-67C18FEA2087}.Release|Mixed Platforms.ActiveCfg = Release|Any CPU
		{71C9F364-A534-4DEF-A470-67C18FEA2087}.Release|Mixed Platforms.Build.0 = Release|Any CPU
		{71C9F364-A534-4DEF-A470-67C18FEA2087}.Release|x86.ActiveCfg = Release|Any CPU
		{71C9F364-A534-4DEF-A470-67C18FEA2087}.Release|x86.Build.0 = Release|Any CPU
		{71C9F364-A534-4DEF-A470-67C18FEA2087}.Release|x64.ActiveCfg = Release|Any CPU
		{71C9F364-A534-4DEF-A470-67C18FEA2087}.Release|x64.Build.0 = Release|Any CPU
		{96D5E522-7EFF-4219-9812-DE7748117169}.Debug|Any CPU.ActiveCfg = Debug|Any CPU
		{96D5E522-7EFF-4219-9812-DE7748117169}.Debug|Any CPU.Build.0 = Debug|Any CPU
		{96D5E522-7EFF-4219-9812-DE7748117169}.Debug|Mixed Platforms.ActiveCfg = Debug|Any CPU
		{96D5E522-7EFF-4219-9812-DE7748117169}.Debug|Mixed Platforms.Build.0 = Debug|Any CPU
		{96D5E522-7EFF-4219-9812-DE7748117169}.Debug|x86.ActiveCfg = Debug|Any CPU
		{96D5E522-7EFF-4219-9812-DE7748117169}.Debug|x86.Build.0 = Debug|Any CPU
		{96D5E522-7EFF-4219-9812-DE7748117169}.Debug|x64.ActiveCfg = Debug|Any CPU
		{96D5E522-7EFF-4219-9812-DE7748117169}.Debug|x64.Build.0 = Debug|Any CPU
		{96D5E522-7EFF-4219-9812-DE7748117169}.Release|Any CPU.ActiveCfg = Release|Any CPU
		{96D5E522-7EFF-4219-9812-DE7748117169}.Release|Any CPU.Build.0 = Release|Any CPU
		{96D5E522-7EFF-4219-9812-DE7748117169}.Release|Mixed Platforms.ActiveCfg = Release|Any CPU
		{96D5E522-7EFF-4219-9812-DE7748117169}.Release|Mixed Platforms.Build.0 = Release|Any CPU
		{96D5E522-7EFF-4219-9812-DE7748117169}.Release|x86.ActiveCfg = Release|Any CPU
		{96D5E522-7EFF-4219-9812-DE7748117169}.Release|x86.Build.0 = Release|Any CPU
		{96D5E522-7EFF-4219-9812-DE7748117169}.Release|x64.ActiveCfg = Release|Any CPU
		{96D5E522-7EFF-4219-9812-DE7748117169}.Release|x64.Build.0 = Release|Any CPU
		{E1544244-9958-476F-A330-80EF78A4E90A}.Debug|Any CPU.ActiveCfg = Debug|Any CPU
		{E1544244-9958-476F-A330-80EF78A4E90A}.Debug|Any CPU.Build.0 = Debug|Any CPU
		{E1544244-9958-476F-A330-80EF78A4E90A}.Debug|Mixed Platforms.ActiveCfg = Debug|Any CPU
		{E1544244-9958-476F-A330-80EF78A4E90A}.Debug|Mixed Platforms.Build.0 = Debug|Any CPU
		{E1544244-9958-476F-A330-80EF78A4E90A}.Debug|x86.ActiveCfg = Debug|Any CPU
		{E1544244-9958-476F-A330-80EF78A4E90A}.Debug|x86.Build.0 = Debug|Any CPU
		{E1544244-9958-476F-A330-80EF78A4E90A}.Debug|x64.ActiveCfg = Debug|Any CPU
		{E1544244-9958-476F-A330-80EF78A4E90A}.Debug|x64.Build.0 = Debug|Any CPU
		{E1544244-9958-476F-A330-80EF78A4E90A}.Release|Any CPU.ActiveCfg = Release|Any CPU
		{E1544244-9958-476F-A330-80EF78A4E90A}.Release|Any CPU.Build.0 = Release|Any CPU
		{E1544244-9958-476F-A330-80EF78A4E90A}.Release|Mixed Platforms.ActiveCfg = Release|Any CPU
		{E1544244-9958-476F-A330-80EF78A4E90A}.Release|Mixed Platforms.Build.0 = Release|Any CPU
		{E1544244-9958-476F-A330-80EF78A4E90A}.Release|x86.ActiveCfg = Release|Any CPU
		{E1544244-9958-476F-A330-80EF78A4E90A}.Release|x86.Build.0 = Release|Any CPU
		{E1544244-9958-476F-A330-80EF78A4E90A}.Release|x64.ActiveCfg = Release|Any CPU
		{E1544244-9958-476F-A330-80EF78A4E90A}.Release|x64.Build.0 = Release|Any CPU
		{E02DACCF-73BB-4259-A0A7-5CB1F18EE355}.Debug|Any CPU.ActiveCfg = Debug|Any CPU
		{E02DACCF-73BB-4259-A0A7-5CB1F18EE355}.Debug|Any CPU.Build.0 = Debug|Any CPU
		{E02DACCF-73BB-4259-A0A7-5CB1F18EE355}.Debug|Mixed Platforms.ActiveCfg = Debug|Any CPU
		{E02DACCF-73BB-4259-A0A7-5CB1F18EE355}.Debug|Mixed Platforms.Build.0 = Debug|Any CPU
		{E02DACCF-73BB-4259-A0A7-5CB1F18EE355}.Debug|x86.ActiveCfg = Debug|Any CPU
		{E02DACCF-73BB-4259-A0A7-5CB1F18EE355}.Debug|x86.Build.0 = Debug|Any CPU
		{E02DACCF-73BB-4259-A0A7-5CB1F18EE355}.Debug|x64.ActiveCfg = Debug|Any CPU
		{E02DACCF-73BB-4259-A0A7-5CB1F18EE355}.Debug|x64.Build.0 = Debug|Any CPU
		{E02DACCF-73BB-4259-A0A7-5CB1F18EE355}.Release|Any CPU.ActiveCfg = Release|Any CPU
		{E02DACCF-73BB-4259-A0A7-5CB1F18EE355}.Release|Any CPU.Build.0 = Release|Any CPU
		{E02DACCF-73BB-4259-A0A7-5CB1F18EE355}.Release|Mixed Platforms.ActiveCfg = Release|Any CPU
		{E02DACCF-73BB-4259-A0A7-5CB1F18EE355}.Release|Mixed Platforms.Build.0 = Release|Any CPU
		{E02DACCF-73BB-4259-A0A7-5CB1F18EE355}.Release|x86.ActiveCfg = Release|Any CPU
		{E02DACCF-73BB-4259-A0A7-5CB1F18EE355}.Release|x86.Build.0 = Release|Any CPU
		{E02DACCF-73BB-4259-A0A7-5CB1F18EE355}.Release|x64.ActiveCfg = Release|Any CPU
		{E02DACCF-73BB-4259-A0A7-5CB1F18EE355}.Release|x64.Build.0 = Release|Any CPU
		{610239E9-9E45-47E9-A5A7-67B986E6F6DF}.Debug|Any CPU.ActiveCfg = Debug|Any CPU
		{610239E9-9E45-47E9-A5A7-67B986E6F6DF}.Debug|Any CPU.Build.0 = Debug|Any CPU
		{610239E9-9E45-47E9-A5A7-67B986E6F6DF}.Debug|Mixed Platforms.ActiveCfg = Debug|Any CPU
		{610239E9-9E45-47E9-A5A7-67B986E6F6DF}.Debug|Mixed Platforms.Build.0 = Debug|Any CPU
		{610239E9-9E45-47E9-A5A7-67B986E6F6DF}.Debug|x86.ActiveCfg = Debug|Any CPU
		{610239E9-9E45-47E9-A5A7-67B986E6F6DF}.Debug|x86.Build.0 = Debug|Any CPU
		{610239E9-9E45-47E9-A5A7-67B986E6F6DF}.Debug|x64.ActiveCfg = Debug|Any CPU
		{610239E9-9E45-47E9-A5A7-67B986E6F6DF}.Debug|x64.Build.0 = Debug|Any CPU
		{610239E9-9E45-47E9-A5A7-67B986E6F6DF}.Release|Any CPU.ActiveCfg = Release|Any CPU
		{610239E9-9E45-47E9-A5A7-67B986E6F6DF}.Release|Any CPU.Build.0 = Release|Any CPU
		{610239E9-9E45-47E9-A5A7-67B986E6F6DF}.Release|Mixed Platforms.ActiveCfg = Release|Any CPU
		{610239E9-9E45-47E9-A5A7-67B986E6F6DF}.Release|Mixed Platforms.Build.0 = Release|Any CPU
		{610239E9-9E45-47E9-A5A7-67B986E6F6DF}.Release|x86.ActiveCfg = Release|Any CPU
		{610239E9-9E45-47E9-A5A7-67B986E6F6DF}.Release|x86.Build.0 = Release|Any CPU
		{610239E9-9E45-47E9-A5A7-67B986E6F6DF}.Release|x64.ActiveCfg = Release|Any CPU
		{610239E9-9E45-47E9-A5A7-67B986E6F6DF}.Release|x64.Build.0 = Release|Any CPU
		{2770BB5D-A2AD-43FC-AA2D-5C686E89C0DB}.Debug|Any CPU.ActiveCfg = Debug|Any CPU
		{2770BB5D-A2AD-43FC-AA2D-5C686E89C0DB}.Debug|Any CPU.Build.0 = Debug|Any CPU
		{2770BB5D-A2AD-43FC-AA2D-5C686E89C0DB}.Debug|Mixed Platforms.ActiveCfg = Debug|Any CPU
		{2770BB5D-A2AD-43FC-AA2D-5C686E89C0DB}.Debug|Mixed Platforms.Build.0 = Debug|Any CPU
		{2770BB5D-A2AD-43FC-AA2D-5C686E89C0DB}.Debug|x86.ActiveCfg = Debug|Any CPU
		{2770BB5D-A2AD-43FC-AA2D-5C686E89C0DB}.Debug|x86.Build.0 = Debug|Any CPU
		{2770BB5D-A2AD-43FC-AA2D-5C686E89C0DB}.Debug|x64.ActiveCfg = Debug|Any CPU
		{2770BB5D-A2AD-43FC-AA2D-5C686E89C0DB}.Debug|x64.Build.0 = Debug|Any CPU
		{2770BB5D-A2AD-43FC-AA2D-5C686E89C0DB}.Release|Any CPU.ActiveCfg = Release|Any CPU
		{2770BB5D-A2AD-43FC-AA2D-5C686E89C0DB}.Release|Any CPU.Build.0 = Release|Any CPU
		{2770BB5D-A2AD-43FC-AA2D-5C686E89C0DB}.Release|Mixed Platforms.ActiveCfg = Release|Any CPU
		{2770BB5D-A2AD-43FC-AA2D-5C686E89C0DB}.Release|Mixed Platforms.Build.0 = Release|Any CPU
		{2770BB5D-A2AD-43FC-AA2D-5C686E89C0DB}.Release|x86.ActiveCfg = Release|Any CPU
		{2770BB5D-A2AD-43FC-AA2D-5C686E89C0DB}.Release|x86.Build.0 = Release|Any CPU
		{2770BB5D-A2AD-43FC-AA2D-5C686E89C0DB}.Release|x64.ActiveCfg = Release|Any CPU
		{2770BB5D-A2AD-43FC-AA2D-5C686E89C0DB}.Release|x64.Build.0 = Release|Any CPU
		{F07EE7ED-AB64-49F5-9834-329A3DD13FF3}.Debug|Any CPU.ActiveCfg = Debug|Any CPU
		{F07EE7ED-AB64-49F5-9834-329A3DD13FF3}.Debug|Any CPU.Build.0 = Debug|Any CPU
		{F07EE7ED-AB64-49F5-9834-329A3DD13FF3}.Debug|Mixed Platforms.ActiveCfg = Debug|Any CPU
		{F07EE7ED-AB64-49F5-9834-329A3DD13FF3}.Debug|Mixed Platforms.Build.0 = Debug|Any CPU
		{F07EE7ED-AB64-49F5-9834-329A3DD13FF3}.Debug|x86.ActiveCfg = Debug|Any CPU
		{F07EE7ED-AB64-49F5-9834-329A3DD13FF3}.Debug|x86.Build.0 = Debug|Any CPU
		{F07EE7ED-AB64-49F5-9834-329A3DD13FF3}.Debug|x64.ActiveCfg = Debug|Any CPU
		{F07EE7ED-AB64-49F5-9834-329A3DD13FF3}.Debug|x64.Build.0 = Debug|Any CPU
		{F07EE7ED-AB64-49F5-9834-329A3DD13FF3}.Release|Any CPU.ActiveCfg = Release|Any CPU
		{F07EE7ED-AB64-49F5-9834-329A3DD13FF3}.Release|Any CPU.Build.0 = Release|Any CPU
		{F07EE7ED-AB64-49F5-9834-329A3DD13FF3}.Release|Mixed Platforms.ActiveCfg = Release|Any CPU
		{F07EE7ED-AB64-49F5-9834-329A3DD13FF3}.Release|Mixed Platforms.Build.0 = Release|Any CPU
		{F07EE7ED-AB64-49F5-9834-329A3DD13FF3}.Release|x86.ActiveCfg = Release|Any CPU
		{F07EE7ED-AB64-49F5-9834-329A3DD13FF3}.Release|x86.Build.0 = Release|Any CPU
		{F07EE7ED-AB64-49F5-9834-329A3DD13FF3}.Release|x64.ActiveCfg = Release|Any CPU
		{F07EE7ED-AB64-49F5-9834-329A3DD13FF3}.Release|x64.Build.0 = Release|Any CPU
		{23832122-6D3B-4B4A-B623-314B3456E0CD}.Debug|Any CPU.ActiveCfg = Debug|Any CPU
		{23832122-6D3B-4B4A-B623-314B3456E0CD}.Debug|Any CPU.Build.0 = Debug|Any CPU
		{23832122-6D3B-4B4A-B623-314B3456E0CD}.Debug|Mixed Platforms.ActiveCfg = Debug|Any CPU
		{23832122-6D3B-4B4A-B623-314B3456E0CD}.Debug|Mixed Platforms.Build.0 = Debug|Any CPU
		{23832122-6D3B-4B4A-B623-314B3456E0CD}.Debug|x86.ActiveCfg = Debug|Any CPU
		{23832122-6D3B-4B4A-B623-314B3456E0CD}.Debug|x86.Build.0 = Debug|Any CPU
		{23832122-6D3B-4B4A-B623-314B3456E0CD}.Debug|x64.ActiveCfg = Debug|Any CPU
		{23832122-6D3B-4B4A-B623-314B3456E0CD}.Debug|x64.Build.0 = Debug|Any CPU
		{23832122-6D3B-4B4A-B623-314B3456E0CD}.Release|Any CPU.ActiveCfg = Release|Any CPU
		{23832122-6D3B-4B4A-B623-314B3456E0CD}.Release|Any CPU.Build.0 = Release|Any CPU
		{23832122-6D3B-4B4A-B623-314B3456E0CD}.Release|Mixed Platforms.ActiveCfg = Release|Any CPU
		{23832122-6D3B-4B4A-B623-314B3456E0CD}.Release|Mixed Platforms.Build.0 = Release|Any CPU
		{23832122-6D3B-4B4A-B623-314B3456E0CD}.Release|x86.ActiveCfg = Release|Any CPU
		{23832122-6D3B-4B4A-B623-314B3456E0CD}.Release|x86.Build.0 = Release|Any CPU
		{23832122-6D3B-4B4A-B623-314B3456E0CD}.Release|x64.ActiveCfg = Release|Any CPU
		{23832122-6D3B-4B4A-B623-314B3456E0CD}.Release|x64.Build.0 = Release|Any CPU
		{05FFBA3D-CDCD-41EB-AD2F-1BBA8384449A}.Debug|Any CPU.ActiveCfg = Debug|Any CPU
		{05FFBA3D-CDCD-41EB-AD2F-1BBA8384449A}.Debug|Any CPU.Build.0 = Debug|Any CPU
		{05FFBA3D-CDCD-41EB-AD2F-1BBA8384449A}.Debug|Mixed Platforms.ActiveCfg = Debug|Any CPU
		{05FFBA3D-CDCD-41EB-AD2F-1BBA8384449A}.Debug|Mixed Platforms.Build.0 = Debug|Any CPU
		{05FFBA3D-CDCD-41EB-AD2F-1BBA8384449A}.Debug|x86.ActiveCfg = Debug|Any CPU
		{05FFBA3D-CDCD-41EB-AD2F-1BBA8384449A}.Debug|x86.Build.0 = Debug|Any CPU
		{05FFBA3D-CDCD-41EB-AD2F-1BBA8384449A}.Debug|x64.ActiveCfg = Debug|Any CPU
		{05FFBA3D-CDCD-41EB-AD2F-1BBA8384449A}.Debug|x64.Build.0 = Debug|Any CPU
		{05FFBA3D-CDCD-41EB-AD2F-1BBA8384449A}.Release|Any CPU.ActiveCfg = Release|Any CPU
		{05FFBA3D-CDCD-41EB-AD2F-1BBA8384449A}.Release|Any CPU.Build.0 = Release|Any CPU
		{05FFBA3D-CDCD-41EB-AD2F-1BBA8384449A}.Release|Mixed Platforms.ActiveCfg = Release|Any CPU
		{05FFBA3D-CDCD-41EB-AD2F-1BBA8384449A}.Release|Mixed Platforms.Build.0 = Release|Any CPU
		{05FFBA3D-CDCD-41EB-AD2F-1BBA8384449A}.Release|x86.ActiveCfg = Release|Any CPU
		{05FFBA3D-CDCD-41EB-AD2F-1BBA8384449A}.Release|x86.Build.0 = Release|Any CPU
		{05FFBA3D-CDCD-41EB-AD2F-1BBA8384449A}.Release|x64.ActiveCfg = Release|Any CPU
		{05FFBA3D-CDCD-41EB-AD2F-1BBA8384449A}.Release|x64.Build.0 = Release|Any CPU
		{F121C75C-89C6-4B0A-A9C7-055B9F56425B}.Debug|Any CPU.ActiveCfg = Debug|Any CPU
		{F121C75C-89C6-4B0A-A9C7-055B9F56425B}.Debug|Any CPU.Build.0 = Debug|Any CPU
		{F121C75C-89C6-4B0A-A9C7-055B9F56425B}.Debug|Mixed Platforms.ActiveCfg = Debug|Any CPU
		{F121C75C-89C6-4B0A-A9C7-055B9F56425B}.Debug|Mixed Platforms.Build.0 = Debug|Any CPU
		{F121C75C-89C6-4B0A-A9C7-055B9F56425B}.Debug|x86.ActiveCfg = Debug|Any CPU
		{F121C75C-89C6-4B0A-A9C7-055B9F56425B}.Debug|x86.Build.0 = Debug|Any CPU
		{F121C75C-89C6-4B0A-A9C7-055B9F56425B}.Debug|x64.ActiveCfg = Debug|Any CPU
		{F121C75C-89C6-4B0A-A9C7-055B9F56425B}.Debug|x64.Build.0 = Debug|Any CPU
		{F121C75C-89C6-4B0A-A9C7-055B9F56425B}.Release|Any CPU.ActiveCfg = Release|Any CPU
		{F121C75C-89C6-4B0A-A9C7-055B9F56425B}.Release|Any CPU.Build.0 = Release|Any CPU
		{F121C75C-89C6-4B0A-A9C7-055B9F56425B}.Release|Mixed Platforms.ActiveCfg = Release|Any CPU
		{F121C75C-89C6-4B0A-A9C7-055B9F56425B}.Release|Mixed Platforms.Build.0 = Release|Any CPU
		{F121C75C-89C6-4B0A-A9C7-055B9F56425B}.Release|x86.ActiveCfg = Release|Any CPU
		{F121C75C-89C6-4B0A-A9C7-055B9F56425B}.Release|x86.Build.0 = Release|Any CPU
		{F121C75C-89C6-4B0A-A9C7-055B9F56425B}.Release|x64.ActiveCfg = Release|Any CPU
		{F121C75C-89C6-4B0A-A9C7-055B9F56425B}.Release|x64.Build.0 = Release|Any CPU
		{031D46AB-3C80-43D0-BFA0-534075C6E258}.Debug|Any CPU.ActiveCfg = Debug|Any CPU
		{031D46AB-3C80-43D0-BFA0-534075C6E258}.Debug|Any CPU.Build.0 = Debug|Any CPU
		{031D46AB-3C80-43D0-BFA0-534075C6E258}.Debug|Mixed Platforms.ActiveCfg = Debug|Any CPU
		{031D46AB-3C80-43D0-BFA0-534075C6E258}.Debug|Mixed Platforms.Build.0 = Debug|Any CPU
		{031D46AB-3C80-43D0-BFA0-534075C6E258}.Debug|x86.ActiveCfg = Debug|Any CPU
		{031D46AB-3C80-43D0-BFA0-534075C6E258}.Debug|x86.Build.0 = Debug|Any CPU
		{031D46AB-3C80-43D0-BFA0-534075C6E258}.Debug|x64.ActiveCfg = Debug|Any CPU
		{031D46AB-3C80-43D0-BFA0-534075C6E258}.Debug|x64.Build.0 = Debug|Any CPU
		{031D46AB-3C80-43D0-BFA0-534075C6E258}.Release|Any CPU.ActiveCfg = Release|Any CPU
		{031D46AB-3C80-43D0-BFA0-534075C6E258}.Release|Any CPU.Build.0 = Release|Any CPU
		{031D46AB-3C80-43D0-BFA0-534075C6E258}.Release|Mixed Platforms.ActiveCfg = Release|Any CPU
		{031D46AB-3C80-43D0-BFA0-534075C6E258}.Release|Mixed Platforms.Build.0 = Release|Any CPU
		{031D46AB-3C80-43D0-BFA0-534075C6E258}.Release|x86.ActiveCfg = Release|Any CPU
		{031D46AB-3C80-43D0-BFA0-534075C6E258}.Release|x86.Build.0 = Release|Any CPU
		{031D46AB-3C80-43D0-BFA0-534075C6E258}.Release|x64.ActiveCfg = Release|Any CPU
		{031D46AB-3C80-43D0-BFA0-534075C6E258}.Release|x64.Build.0 = Release|Any CPU
		{53BE7600-436E-4897-B1FE-05D4226DC851}.Debug|Any CPU.ActiveCfg = Debug|Any CPU
		{53BE7600-436E-4897-B1FE-05D4226DC851}.Debug|Any CPU.Build.0 = Debug|Any CPU
		{53BE7600-436E-4897-B1FE-05D4226DC851}.Debug|Mixed Platforms.ActiveCfg = Debug|Any CPU
		{53BE7600-436E-4897-B1FE-05D4226DC851}.Debug|Mixed Platforms.Build.0 = Debug|Any CPU
		{53BE7600-436E-4897-B1FE-05D4226DC851}.Debug|x86.ActiveCfg = Debug|Any CPU
		{53BE7600-436E-4897-B1FE-05D4226DC851}.Debug|x86.Build.0 = Debug|Any CPU
		{53BE7600-436E-4897-B1FE-05D4226DC851}.Debug|x64.ActiveCfg = Debug|Any CPU
		{53BE7600-436E-4897-B1FE-05D4226DC851}.Debug|x64.Build.0 = Debug|Any CPU
		{53BE7600-436E-4897-B1FE-05D4226DC851}.Release|Any CPU.ActiveCfg = Release|Any CPU
		{53BE7600-436E-4897-B1FE-05D4226DC851}.Release|Any CPU.Build.0 = Release|Any CPU
		{53BE7600-436E-4897-B1FE-05D4226DC851}.Release|Mixed Platforms.ActiveCfg = Release|Any CPU
		{53BE7600-436E-4897-B1FE-05D4226DC851}.Release|Mixed Platforms.Build.0 = Release|Any CPU
		{53BE7600-436E-4897-B1FE-05D4226DC851}.Release|x86.ActiveCfg = Release|Any CPU
		{53BE7600-436E-4897-B1FE-05D4226DC851}.Release|x86.Build.0 = Release|Any CPU
		{53BE7600-436E-4897-B1FE-05D4226DC851}.Release|x64.ActiveCfg = Release|Any CPU
		{53BE7600-436E-4897-B1FE-05D4226DC851}.Release|x64.Build.0 = Release|Any CPU
		{5EE023D2-50DA-410B-9D8A-D821D31F8A0B}.Debug|Any CPU.ActiveCfg = Debug|Any CPU
		{5EE023D2-50DA-410B-9D8A-D821D31F8A0B}.Debug|Any CPU.Build.0 = Debug|Any CPU
		{5EE023D2-50DA-410B-9D8A-D821D31F8A0B}.Debug|Mixed Platforms.ActiveCfg = Debug|Any CPU
		{5EE023D2-50DA-410B-9D8A-D821D31F8A0B}.Debug|Mixed Platforms.Build.0 = Debug|Any CPU
		{5EE023D2-50DA-410B-9D8A-D821D31F8A0B}.Debug|x86.ActiveCfg = Debug|Any CPU
		{5EE023D2-50DA-410B-9D8A-D821D31F8A0B}.Debug|x86.Build.0 = Debug|Any CPU
		{5EE023D2-50DA-410B-9D8A-D821D31F8A0B}.Debug|x64.ActiveCfg = Debug|Any CPU
		{5EE023D2-50DA-410B-9D8A-D821D31F8A0B}.Debug|x64.Build.0 = Debug|Any CPU
		{5EE023D2-50DA-410B-9D8A-D821D31F8A0B}.Release|Any CPU.ActiveCfg = Release|Any CPU
		{5EE023D2-50DA-410B-9D8A-D821D31F8A0B}.Release|Any CPU.Build.0 = Release|Any CPU
		{5EE023D2-50DA-410B-9D8A-D821D31F8A0B}.Release|Mixed Platforms.ActiveCfg = Release|Any CPU
		{5EE023D2-50DA-410B-9D8A-D821D31F8A0B}.Release|Mixed Platforms.Build.0 = Release|Any CPU
		{5EE023D2-50DA-410B-9D8A-D821D31F8A0B}.Release|x86.ActiveCfg = Release|Any CPU
		{5EE023D2-50DA-410B-9D8A-D821D31F8A0B}.Release|x86.Build.0 = Release|Any CPU
		{5EE023D2-50DA-410B-9D8A-D821D31F8A0B}.Release|x64.ActiveCfg = Release|Any CPU
		{5EE023D2-50DA-410B-9D8A-D821D31F8A0B}.Release|x64.Build.0 = Release|Any CPU
		{0260E43A-0DCF-4105-A63C-A6C24B64DFAE}.Debug|Any CPU.ActiveCfg = Debug|Any CPU
		{0260E43A-0DCF-4105-A63C-A6C24B64DFAE}.Debug|Any CPU.Build.0 = Debug|Any CPU
		{0260E43A-0DCF-4105-A63C-A6C24B64DFAE}.Debug|Mixed Platforms.ActiveCfg = Debug|Any CPU
		{0260E43A-0DCF-4105-A63C-A6C24B64DFAE}.Debug|Mixed Platforms.Build.0 = Debug|Any CPU
		{0260E43A-0DCF-4105-A63C-A6C24B64DFAE}.Debug|x86.ActiveCfg = Debug|Any CPU
		{0260E43A-0DCF-4105-A63C-A6C24B64DFAE}.Debug|x86.Build.0 = Debug|Any CPU
		{0260E43A-0DCF-4105-A63C-A6C24B64DFAE}.Debug|x64.ActiveCfg = Debug|Any CPU
		{0260E43A-0DCF-4105-A63C-A6C24B64DFAE}.Debug|x64.Build.0 = Debug|Any CPU
		{0260E43A-0DCF-4105-A63C-A6C24B64DFAE}.Release|Any CPU.ActiveCfg = Release|Any CPU
		{0260E43A-0DCF-4105-A63C-A6C24B64DFAE}.Release|Any CPU.Build.0 = Release|Any CPU
		{0260E43A-0DCF-4105-A63C-A6C24B64DFAE}.Release|Mixed Platforms.ActiveCfg = Release|Any CPU
		{0260E43A-0DCF-4105-A63C-A6C24B64DFAE}.Release|Mixed Platforms.Build.0 = Release|Any CPU
		{0260E43A-0DCF-4105-A63C-A6C24B64DFAE}.Release|x86.ActiveCfg = Release|Any CPU
		{0260E43A-0DCF-4105-A63C-A6C24B64DFAE}.Release|x86.Build.0 = Release|Any CPU
		{0260E43A-0DCF-4105-A63C-A6C24B64DFAE}.Release|x64.ActiveCfg = Release|Any CPU
		{0260E43A-0DCF-4105-A63C-A6C24B64DFAE}.Release|x64.Build.0 = Release|Any CPU
		{5D11F697-D5FE-4ABE-839D-7FBC388AEDC8}.Debug|Any CPU.ActiveCfg = Debug|Any CPU
		{5D11F697-D5FE-4ABE-839D-7FBC388AEDC8}.Debug|Any CPU.Build.0 = Debug|Any CPU
		{5D11F697-D5FE-4ABE-839D-7FBC388AEDC8}.Debug|Mixed Platforms.ActiveCfg = Debug|Any CPU
		{5D11F697-D5FE-4ABE-839D-7FBC388AEDC8}.Debug|Mixed Platforms.Build.0 = Debug|Any CPU
		{5D11F697-D5FE-4ABE-839D-7FBC388AEDC8}.Debug|x86.ActiveCfg = Debug|Any CPU
		{5D11F697-D5FE-4ABE-839D-7FBC388AEDC8}.Debug|x86.Build.0 = Debug|Any CPU
		{5D11F697-D5FE-4ABE-839D-7FBC388AEDC8}.Debug|x64.ActiveCfg = Debug|Any CPU
		{5D11F697-D5FE-4ABE-839D-7FBC388AEDC8}.Debug|x64.Build.0 = Debug|Any CPU
		{5D11F697-D5FE-4ABE-839D-7FBC388AEDC8}.Release|Any CPU.ActiveCfg = Release|Any CPU
		{5D11F697-D5FE-4ABE-839D-7FBC388AEDC8}.Release|Any CPU.Build.0 = Release|Any CPU
		{5D11F697-D5FE-4ABE-839D-7FBC388AEDC8}.Release|Mixed Platforms.ActiveCfg = Release|Any CPU
		{5D11F697-D5FE-4ABE-839D-7FBC388AEDC8}.Release|Mixed Platforms.Build.0 = Release|Any CPU
		{5D11F697-D5FE-4ABE-839D-7FBC388AEDC8}.Release|x86.ActiveCfg = Release|Any CPU
		{5D11F697-D5FE-4ABE-839D-7FBC388AEDC8}.Release|x86.Build.0 = Release|Any CPU
		{5D11F697-D5FE-4ABE-839D-7FBC388AEDC8}.Release|x64.ActiveCfg = Release|Any CPU
		{5D11F697-D5FE-4ABE-839D-7FBC388AEDC8}.Release|x64.Build.0 = Release|Any CPU
		{291ABAAF-41B1-4351-9E4F-401B7B91E28B}.Debug|Any CPU.ActiveCfg = Debug|Any CPU
		{291ABAAF-41B1-4351-9E4F-401B7B91E28B}.Debug|Any CPU.Build.0 = Debug|Any CPU
		{291ABAAF-41B1-4351-9E4F-401B7B91E28B}.Debug|Mixed Platforms.ActiveCfg = Debug|Any CPU
		{291ABAAF-41B1-4351-9E4F-401B7B91E28B}.Debug|Mixed Platforms.Build.0 = Debug|Any CPU
		{291ABAAF-41B1-4351-9E4F-401B7B91E28B}.Debug|x86.ActiveCfg = Debug|Any CPU
		{291ABAAF-41B1-4351-9E4F-401B7B91E28B}.Debug|x86.Build.0 = Debug|Any CPU
		{291ABAAF-41B1-4351-9E4F-401B7B91E28B}.Debug|x64.ActiveCfg = Debug|Any CPU
		{291ABAAF-41B1-4351-9E4F-401B7B91E28B}.Debug|x64.Build.0 = Debug|Any CPU
		{291ABAAF-41B1-4351-9E4F-401B7B91E28B}.Release|Any CPU.ActiveCfg = Release|Any CPU
		{291ABAAF-41B1-4351-9E4F-401B7B91E28B}.Release|Any CPU.Build.0 = Release|Any CPU
		{291ABAAF-41B1-4351-9E4F-401B7B91E28B}.Release|Mixed Platforms.ActiveCfg = Release|Any CPU
		{291ABAAF-41B1-4351-9E4F-401B7B91E28B}.Release|Mixed Platforms.Build.0 = Release|Any CPU
		{291ABAAF-41B1-4351-9E4F-401B7B91E28B}.Release|x86.ActiveCfg = Release|Any CPU
		{291ABAAF-41B1-4351-9E4F-401B7B91E28B}.Release|x86.Build.0 = Release|Any CPU
		{291ABAAF-41B1-4351-9E4F-401B7B91E28B}.Release|x64.ActiveCfg = Release|Any CPU
		{291ABAAF-41B1-4351-9E4F-401B7B91E28B}.Release|x64.Build.0 = Release|Any CPU
		{011DA882-C93A-402D-B317-8256B71EE208}.Debug|Any CPU.ActiveCfg = Debug|Any CPU
		{011DA882-C93A-402D-B317-8256B71EE208}.Debug|Any CPU.Build.0 = Debug|Any CPU
		{011DA882-C93A-402D-B317-8256B71EE208}.Debug|Mixed Platforms.ActiveCfg = Debug|Any CPU
		{011DA882-C93A-402D-B317-8256B71EE208}.Debug|Mixed Platforms.Build.0 = Debug|Any CPU
		{011DA882-C93A-402D-B317-8256B71EE208}.Debug|x86.ActiveCfg = Debug|Any CPU
		{011DA882-C93A-402D-B317-8256B71EE208}.Debug|x86.Build.0 = Debug|Any CPU
		{011DA882-C93A-402D-B317-8256B71EE208}.Debug|x64.ActiveCfg = Debug|Any CPU
		{011DA882-C93A-402D-B317-8256B71EE208}.Debug|x64.Build.0 = Debug|Any CPU
		{011DA882-C93A-402D-B317-8256B71EE208}.Release|Any CPU.ActiveCfg = Release|Any CPU
		{011DA882-C93A-402D-B317-8256B71EE208}.Release|Any CPU.Build.0 = Release|Any CPU
		{011DA882-C93A-402D-B317-8256B71EE208}.Release|Mixed Platforms.ActiveCfg = Release|Any CPU
		{011DA882-C93A-402D-B317-8256B71EE208}.Release|Mixed Platforms.Build.0 = Release|Any CPU
		{011DA882-C93A-402D-B317-8256B71EE208}.Release|x86.ActiveCfg = Release|Any CPU
		{011DA882-C93A-402D-B317-8256B71EE208}.Release|x86.Build.0 = Release|Any CPU
		{011DA882-C93A-402D-B317-8256B71EE208}.Release|x64.ActiveCfg = Release|Any CPU
		{011DA882-C93A-402D-B317-8256B71EE208}.Release|x64.Build.0 = Release|Any CPU
		{EFC337DA-F477-4A40-AD8D-9B5AC8505FAD}.Debug|Any CPU.ActiveCfg = Debug|Any CPU
		{EFC337DA-F477-4A40-AD8D-9B5AC8505FAD}.Debug|Any CPU.Build.0 = Debug|Any CPU
		{EFC337DA-F477-4A40-AD8D-9B5AC8505FAD}.Debug|Mixed Platforms.ActiveCfg = Debug|Any CPU
		{EFC337DA-F477-4A40-AD8D-9B5AC8505FAD}.Debug|Mixed Platforms.Build.0 = Debug|Any CPU
		{EFC337DA-F477-4A40-AD8D-9B5AC8505FAD}.Debug|x86.ActiveCfg = Debug|Any CPU
		{EFC337DA-F477-4A40-AD8D-9B5AC8505FAD}.Debug|x86.Build.0 = Debug|Any CPU
		{EFC337DA-F477-4A40-AD8D-9B5AC8505FAD}.Debug|x64.ActiveCfg = Debug|Any CPU
		{EFC337DA-F477-4A40-AD8D-9B5AC8505FAD}.Debug|x64.Build.0 = Debug|Any CPU
		{EFC337DA-F477-4A40-AD8D-9B5AC8505FAD}.Release|Any CPU.ActiveCfg = Release|Any CPU
		{EFC337DA-F477-4A40-AD8D-9B5AC8505FAD}.Release|Any CPU.Build.0 = Release|Any CPU
		{EFC337DA-F477-4A40-AD8D-9B5AC8505FAD}.Release|Mixed Platforms.ActiveCfg = Release|Any CPU
		{EFC337DA-F477-4A40-AD8D-9B5AC8505FAD}.Release|Mixed Platforms.Build.0 = Release|Any CPU
		{EFC337DA-F477-4A40-AD8D-9B5AC8505FAD}.Release|x86.ActiveCfg = Release|Any CPU
		{EFC337DA-F477-4A40-AD8D-9B5AC8505FAD}.Release|x86.Build.0 = Release|Any CPU
		{EFC337DA-F477-4A40-AD8D-9B5AC8505FAD}.Release|x64.ActiveCfg = Release|Any CPU
		{EFC337DA-F477-4A40-AD8D-9B5AC8505FAD}.Release|x64.Build.0 = Release|Any CPU
		{78E85B6A-51BD-4A92-ABBC-0E208F06FB7A}.Debug|Any CPU.ActiveCfg = Debug|Any CPU
		{78E85B6A-51BD-4A92-ABBC-0E208F06FB7A}.Debug|Any CPU.Build.0 = Debug|Any CPU
		{78E85B6A-51BD-4A92-ABBC-0E208F06FB7A}.Debug|Mixed Platforms.ActiveCfg = Debug|Any CPU
		{78E85B6A-51BD-4A92-ABBC-0E208F06FB7A}.Debug|Mixed Platforms.Build.0 = Debug|Any CPU
		{78E85B6A-51BD-4A92-ABBC-0E208F06FB7A}.Debug|x86.ActiveCfg = Debug|Any CPU
		{78E85B6A-51BD-4A92-ABBC-0E208F06FB7A}.Debug|x86.Build.0 = Debug|Any CPU
		{78E85B6A-51BD-4A92-ABBC-0E208F06FB7A}.Debug|x64.ActiveCfg = Debug|Any CPU
		{78E85B6A-51BD-4A92-ABBC-0E208F06FB7A}.Debug|x64.Build.0 = Debug|Any CPU
		{78E85B6A-51BD-4A92-ABBC-0E208F06FB7A}.Release|Any CPU.ActiveCfg = Release|Any CPU
		{78E85B6A-51BD-4A92-ABBC-0E208F06FB7A}.Release|Any CPU.Build.0 = Release|Any CPU
		{78E85B6A-51BD-4A92-ABBC-0E208F06FB7A}.Release|Mixed Platforms.ActiveCfg = Release|Any CPU
		{78E85B6A-51BD-4A92-ABBC-0E208F06FB7A}.Release|Mixed Platforms.Build.0 = Release|Any CPU
		{78E85B6A-51BD-4A92-ABBC-0E208F06FB7A}.Release|x86.ActiveCfg = Release|Any CPU
		{78E85B6A-51BD-4A92-ABBC-0E208F06FB7A}.Release|x86.Build.0 = Release|Any CPU
		{78E85B6A-51BD-4A92-ABBC-0E208F06FB7A}.Release|x64.ActiveCfg = Release|Any CPU
		{78E85B6A-51BD-4A92-ABBC-0E208F06FB7A}.Release|x64.Build.0 = Release|Any CPU
	EndGlobalSection
	GlobalSection(SolutionProperties) = preSolution
		HideSolutionNode = FALSE
	EndGlobalSection
	GlobalSection(NestedProjects) = preSolution
		{4F1F649C-1020-45BE-A487-F416D9297FF3} = {B09156FB-8291-46A2-AF37-67CE97CFB5A6}
		{6BDA8332-939F-45B7-A25E-7A797260AE59} = {E4ACA93B-D3DE-4557-B069-F1DB42925A4B}
		{CCD7F2C9-6A2C-4CF0-8E89-076B8FC0F144} = {E4ACA93B-D3DE-4557-B069-F1DB42925A4B}
		{210541AD-F659-47DA-8763-16F36C5CD2F4} = {E4ACA93B-D3DE-4557-B069-F1DB42925A4B}
		{75FD4163-333C-4DD5-854D-2EF294E45D94} = {B09156FB-8291-46A2-AF37-67CE97CFB5A6}
		{C2B83AF5-80F6-4B8C-8628-FA7DE10C3BB5} = {7881B112-7843-4542-B1F7-F99553FB9BB7}
		{9978B382-0BCD-4621-B6B5-52E0E3B5F464} = {7881B112-7843-4542-B1F7-F99553FB9BB7}
		{06C88D0B-A276-4D3D-8BE5-7C58BF3072E3} = {7881B112-7843-4542-B1F7-F99553FB9BB7}
		{560768D4-7E1D-4431-99F0-CC14C255E167} = {7881B112-7843-4542-B1F7-F99553FB9BB7}
		{4C0C889A-A3B2-43FA-824A-F529402C1BBF} = {7881B112-7843-4542-B1F7-F99553FB9BB7}
		{7B08DACB-8E11-416D-9DDF-B0EEF847A8ED} = {7881B112-7843-4542-B1F7-F99553FB9BB7}
		{FD31C133-B4DE-4BB2-B327-1D0E2F2C95D4} = {E8FC6874-E230-468A-9685-4747354B92FF}
		{48003279-FC5E-43F4-B683-E28B34BAECEB} = {7881B112-7843-4542-B1F7-F99553FB9BB7}
		{877B52F9-B072-4138-8022-293101A080B1} = {7881B112-7843-4542-B1F7-F99553FB9BB7}
		{3705B5FE-9A8F-4A72-AECD-2436D357CC03} = {7881B112-7843-4542-B1F7-F99553FB9BB7}
		{44FED12A-384F-4BA6-A58F-51EE294DF210} = {7881B112-7843-4542-B1F7-F99553FB9BB7}
		{96081C1D-39A2-4AFF-BE01-08FC7DEBF800} = {7881B112-7843-4542-B1F7-F99553FB9BB7}
		{4DC4D044-CE9A-48D2-949B-F521A8DE21AD} = {7881B112-7843-4542-B1F7-F99553FB9BB7}
		{71C9F364-A534-4DEF-A470-67C18FEA2087} = {7881B112-7843-4542-B1F7-F99553FB9BB7}
		{96D5E522-7EFF-4219-9812-DE7748117169} = {7881B112-7843-4542-B1F7-F99553FB9BB7}
		{E1544244-9958-476F-A330-80EF78A4E90A} = {7881B112-7843-4542-B1F7-F99553FB9BB7}
		{E02DACCF-73BB-4259-A0A7-5CB1F18EE355} = {7881B112-7843-4542-B1F7-F99553FB9BB7}
		{610239E9-9E45-47E9-A5A7-67B986E6F6DF} = {7881B112-7843-4542-B1F7-F99553FB9BB7}
		{2770BB5D-A2AD-43FC-AA2D-5C686E89C0DB} = {7881B112-7843-4542-B1F7-F99553FB9BB7}
		{F07EE7ED-AB64-49F5-9834-329A3DD13FF3} = {7881B112-7843-4542-B1F7-F99553FB9BB7}
		{23832122-6D3B-4B4A-B623-314B3456E0CD} = {7881B112-7843-4542-B1F7-F99553FB9BB7}
		{05FFBA3D-CDCD-41EB-AD2F-1BBA8384449A} = {7881B112-7843-4542-B1F7-F99553FB9BB7}
		{F121C75C-89C6-4B0A-A9C7-055B9F56425B} = {7881B112-7843-4542-B1F7-F99553FB9BB7}
		{031D46AB-3C80-43D0-BFA0-534075C6E258} = {7881B112-7843-4542-B1F7-F99553FB9BB7}
		{53BE7600-436E-4897-B1FE-05D4226DC851} = {7881B112-7843-4542-B1F7-F99553FB9BB7}
		{5EE023D2-50DA-410B-9D8A-D821D31F8A0B} = {7881B112-7843-4542-B1F7-F99553FB9BB7}
		{0260E43A-0DCF-4105-A63C-A6C24B64DFAE} = {7881B112-7843-4542-B1F7-F99553FB9BB7}
		{5D11F697-D5FE-4ABE-839D-7FBC388AEDC8} = {7881B112-7843-4542-B1F7-F99553FB9BB7}
		{291ABAAF-41B1-4351-9E4F-401B7B91E28B} = {7881B112-7843-4542-B1F7-F99553FB9BB7}
		{011DA882-C93A-402D-B317-8256B71EE208} = {7881B112-7843-4542-B1F7-F99553FB9BB7}
		{EFC337DA-F477-4A40-AD8D-9B5AC8505FAD} = {7881B112-7843-4542-B1F7-F99553FB9BB7}
		{78E85B6A-51BD-4A92-ABBC-0E208F06FB7A} = {7881B112-7843-4542-B1F7-F99553FB9BB7}
	EndGlobalSection
	GlobalSection(ExtensibilityGlobals) = postSolution
		SolutionGuid = {EE72A8B2-332A-4175-9319-6726D36E9D25}
	EndGlobalSection
	GlobalSection(NDepend) = preSolution
		Project = ".\NopCommerce.ndproj"
	EndGlobalSection
EndGlobal
